<?xml version="1.0" encoding="utf-8"?>
<Project ToolsVersion="4.0" xmlns="http://schemas.microsoft.com/developer/msbuild/2003">
  <ItemGroup>
    <Filter Include="Test Files">
      <UniqueIdentifier>{4FC737F1-C7A5-4376-A066-2A32D752A2FF}</UniqueIdentifier>
      <Extensions>cpp;c;cc;cxx;def;odl;idl;hpj;bat;asm;asmx</Extensions>
    </Filter>
    <Filter Include="Library Files">
      <UniqueIdentifier>{93995380-89BD-4b04-88EB-625FBE52EBFB}</UniqueIdentifier>
      <Extensions>h;hh;hpp;hxx;hm;inl;inc;ipp;xsd</Extensions>
    </Filter>
    <Filter Include="Language Files">
      <UniqueIdentifier>{67DA6AB6-F800-4c08-8B7A-83BB121AAD01}</UniqueIdentifier>
      <Extensions>rc;ico;cur;bmp;dlg;rc2;rct;bin;rgs;gif;jpg;jpeg;jpe;resx;tiff;tif;png;wav;mfcribbon-ms</Extensions>
    </Filter>
    <Filter Include="File Templates">
      <UniqueIdentifier>{28ab405d-9164-4b6d-9452-4a487a035a97}</UniqueIdentifier>
    </Filter>
    <Filter Include="Library Files\Core">
      <UniqueIdentifier>{3e41c004-cca8-4072-8963-ccea481dfcd7}</UniqueIdentifier>
    </Filter>
    <Filter Include="Library Files\Core\Directives">
      <UniqueIdentifier>{6316d378-d148-418c-82a5-7276f893f3a5}</UniqueIdentifier>
    </Filter>
    <Filter Include="Library Files\Core\Directives\Flow">
      <UniqueIdentifier>{81308371-4053-4a2e-a23e-bd325a6a2fde}</UniqueIdentifier>
    </Filter>
  </ItemGroup>
  <ItemGroup>
    <ClInclude Include="concurrent_queue.hpp">
      <Filter>Library Files</Filter>
    </ClInclude>
    <ClInclude Include="meta.hpp">
      <Filter>Library Files</Filter>
    </ClInclude>
    <ClInclude Include="stopwatch.hpp">
      <Filter>Library Files</Filter>
    </ClInclude>
    <ClInclude Include="matrix.hpp">
      <Filter>Library Files</Filter>
    </ClInclude>
    <ClInclude Include="functional.hpp">
      <Filter>Library Files</Filter>
    </ClInclude>
    <ClInclude Include="atomic_ptr.hpp">
      <Filter>Library Files</Filter>
    </ClInclude>
    <ClInclude Include="language.hpp">
      <Filter>Library Files</Filter>
    </ClInclude>
    <ClInclude Include="random.hpp">
      <Filter>Library Files</Filter>
    </ClInclude>
    <ClInclude Include="atomic_shared_ptr.hpp">
      <Filter>Test Files</Filter>
    </ClInclude>
    <ClInclude Include="thread.hpp">
      <Filter>Library Files</Filter>
    </ClInclude>
    <ClInclude Include="FileTemplates\stdx_header_file_template.hpp">
      <Filter>File Templates</Filter>
    </ClInclude>
    <ClInclude Include="stream.hpp">
      <Filter>Library Files</Filter>
    </ClInclude>
    <ClInclude Include="utility.hpp">
      <Filter>Library Files</Filter>
    </ClInclude>
    <ClInclude Include="mutex.hpp">
      <Filter>Library Files</Filter>
    </ClInclude>
    <ClInclude Include="flow.hpp">
      <Filter>Library Files</Filter>
    </ClInclude>
    <ClInclude Include="core\stdx.hpp">
      <Filter>Library Files\Core</Filter>
    </ClInclude>
  </ItemGroup>
  <ItemGroup>
    <ClCompile Include="example_2.cpp">
      <Filter>Test Files</Filter>
    </ClCompile>
    <ClCompile Include="example_3.cpp">
      <Filter>Test Files</Filter>
    </ClCompile>
    <ClCompile Include="example_4.cpp">
      <Filter>Test Files</Filter>
    </ClCompile>
    <ClCompile Include="example_5.cpp">
      <Filter>Test Files</Filter>
    </ClCompile>
    <ClCompile Include="example_6.cpp">
      <Filter>Test Files</Filter>
    </ClCompile>
    <ClCompile Include="example_8.cpp">
      <Filter>Test Files</Filter>
    </ClCompile>
    <ClCompile Include="example_main.cpp">
      <Filter>Test Files</Filter>
    </ClCompile>
  </ItemGroup>
  <ItemGroup>
    <None Include="do_while.lpp">
      <Filter>Language Files</Filter>
    </None>
    <None Include="while_else.lpp">
      <Filter>Language Files</Filter>
    </None>
    <None Include="core\directives\flow\suppress_warnings">
      <Filter>Library Files\Core\Directives\Flow</Filter>
    </None>
  </ItemGroup>
  <ItemGroup>
    <Image Include="FileTemplates\cpp_file.ico">
      <Filter>File Templates</Filter>
    </Image>
    <Image Include="FileTemplates\hpp_file.ico">
      <Filter>File Templates</Filter>
    </Image>
  </ItemGroup>
</Project>